
Microsoft Visual Studio Solution File, Format Version 12.00
# Visual Studio Version 17
VisualStudioVersion = 17.10.35013.160
MinimumVisualStudioVersion = 10.0.40219.1
Project("{2150E333-8FDC-42A3-9474-1A3956D46DE8}") = "Solution Items", "Solution Items", "{655C43AB-529E-46A7-A621-DCB6149A020D}"
	ProjectSection(SolutionItems) = preProject
		Directory.Build.props = Directory.Build.props
	EndProjectSection
EndProject
Project("{8BC9CEB8-8B4A-11D0-8D11-00A0C91BC942}") = "Venus", "Venus\Venus.vcxproj", "{6FB0F17D-96BB-4FFA-985E-08D6D690A16B}"
EndProject
Project("{8BC9CEB8-8B4A-11D0-8D11-00A0C91BC942}") = "PolarisWindows", "..\build\windows\windows\PolarisWindows.vcxproj", "{A0A28441-1475-327B-9A91-C41836745BA5}"
EndProject
Project("{8BC9CEB8-8B4A-11D0-8D11-00A0C91BC942}") = "CppCLI", "CppCLI\CppCLI.vcxproj", "{FBDF9107-4348-45A3-B4DB-526667655B52}"
EndProject
Project("{9A19103F-16F7-4668-BE54-9A1E7A4F7556}") = "CSharpConsole", "CSharpConsole\CSharpConsole.csproj", "{4E97BBE4-6661-457A-A349-327CE3FE78CA}"
EndProject
Project("{9A19103F-16F7-4668-BE54-9A1E7A4F7556}") = "CSharpUI", "CSharpUI\CSharpUI.csproj", "{6071E811-A5D9-4F57-B0F9-93B5AF4E2F68}"
EndProject
Project("{8BC9CEB8-8B4A-11D0-8D11-00A0C91BC942}") = "SimpleMathComponent", "SimpleMathComponent\SimpleMathComponent.vcxproj", "{D6B0C16D-858A-4C1B-99CF-D6F4CF5BCD5F}"
EndProject
Project("{9A19103F-16F7-4668-BE54-9A1E7A4F7556}") = "SimpleMathProjection", "SimpleMathProjection\SimpleMathProjection.csproj", "{1F7FE5CB-4F34-4CDB-A636-CC29581FE7DB}"
EndProject
Global
	GlobalSection(SolutionConfigurationPlatforms) = preSolution
		Debug|x64 = Debug|x64
		MinSizeRel|x64 = MinSizeRel|x64
		Release|x64 = Release|x64
		RelWithDebInfo|x64 = RelWithDebInfo|x64
	EndGlobalSection
	GlobalSection(ProjectConfigurationPlatforms) = postSolution
		{6FB0F17D-96BB-4FFA-985E-08D6D690A16B}.Debug|x64.ActiveCfg = Debug|x64
		{6FB0F17D-96BB-4FFA-985E-08D6D690A16B}.Debug|x64.Build.0 = Debug|x64
		{6FB0F17D-96BB-4FFA-985E-08D6D690A16B}.Debug|x64.Deploy.0 = Debug|x64
		{6FB0F17D-96BB-4FFA-985E-08D6D690A16B}.MinSizeRel|x64.ActiveCfg = Release|x64
		{6FB0F17D-96BB-4FFA-985E-08D6D690A16B}.MinSizeRel|x64.Build.0 = Release|x64
		{6FB0F17D-96BB-4FFA-985E-08D6D690A16B}.MinSizeRel|x64.Deploy.0 = Release|x64
		{6FB0F17D-96BB-4FFA-985E-08D6D690A16B}.Release|x64.ActiveCfg = Release|x64
		{6FB0F17D-96BB-4FFA-985E-08D6D690A16B}.Release|x64.Build.0 = Release|x64
		{6FB0F17D-96BB-4FFA-985E-08D6D690A16B}.Release|x64.Deploy.0 = Release|x64
		{6FB0F17D-96BB-4FFA-985E-08D6D690A16B}.RelWithDebInfo|x64.ActiveCfg = Release|x64
		{6FB0F17D-96BB-4FFA-985E-08D6D690A16B}.RelWithDebInfo|x64.Build.0 = Release|x64
		{6FB0F17D-96BB-4FFA-985E-08D6D690A16B}.RelWithDebInfo|x64.Deploy.0 = Release|x64
		{A0A28441-1475-327B-9A91-C41836745BA5}.Debug|x64.ActiveCfg = Debug|x64
		{A0A28441-1475-327B-9A91-C41836745BA5}.Debug|x64.Build.0 = Debug|x64
		{A0A28441-1475-327B-9A91-C41836745BA5}.MinSizeRel|x64.ActiveCfg = MinSizeRel|x64
		{A0A28441-1475-327B-9A91-C41836745BA5}.MinSizeRel|x64.Build.0 = MinSizeRel|x64
		{A0A28441-1475-327B-9A91-C41836745BA5}.Release|x64.ActiveCfg = Release|x64
		{A0A28441-1475-327B-9A91-C41836745BA5}.Release|x64.Build.0 = Release|x64
		{A0A28441-1475-327B-9A91-C41836745BA5}.RelWithDebInfo|x64.ActiveCfg = RelWithDebInfo|x64
		{A0A28441-1475-327B-9A91-C41836745BA5}.RelWithDebInfo|x64.Build.0 = RelWithDebInfo|x64
		{FBDF9107-4348-45A3-B4DB-526667655B52}.Debug|x64.ActiveCfg = Debug|x64
		{FBDF9107-4348-45A3-B4DB-526667655B52}.Debug|x64.Build.0 = Debug|x64
		{FBDF9107-4348-45A3-B4DB-526667655B52}.MinSizeRel|x64.ActiveCfg = Debug|x64
		{FBDF9107-4348-45A3-B4DB-526667655B52}.MinSizeRel|x64.Build.0 = Debug|x64
		{FBDF9107-4348-45A3-B4DB-526667655B52}.Release|x64.ActiveCfg = Release|x64
		{FBDF9107-4348-45A3-B4DB-526667655B52}.Release|x64.Build.0 = Release|x64
		{FBDF9107-4348-45A3-B4DB-526667655B52}.RelWithDebInfo|x64.ActiveCfg = Release|x64
		{FBDF9107-4348-45A3-B4DB-526667655B52}.RelWithDebInfo|x64.Build.0 = Release|x64
		{4E97BBE4-6661-457A-A349-327CE3FE78CA}.Debug|x64.ActiveCfg = Debug|x64
		{4E97BBE4-6661-457A-A349-327CE3FE78CA}.Debug|x64.Build.0 = Debug|x64
		{4E97BBE4-6661-457A-A349-327CE3FE78CA}.MinSizeRel|x64.ActiveCfg = Debug|Any CPU
		{4E97BBE4-6661-457A-A349-327CE3FE78CA}.MinSizeRel|x64.Build.0 = Debug|Any CPU
		{4E97BBE4-6661-457A-A349-327CE3FE78CA}.Release|x64.ActiveCfg = Release|Any CPU
		{4E97BBE4-6661-457A-A349-327CE3FE78CA}.Release|x64.Build.0 = Release|Any CPU
		{4E97BBE4-6661-457A-A349-327CE3FE78CA}.RelWithDebInfo|x64.ActiveCfg = Release|Any CPU
		{4E97BBE4-6661-457A-A349-327CE3FE78CA}.RelWithDebInfo|x64.Build.0 = Release|Any CPU
		{6071E811-A5D9-4F57-B0F9-93B5AF4E2F68}.Debug|x64.ActiveCfg = Debug|x64
		{6071E811-A5D9-4F57-B0F9-93B5AF4E2F68}.Debug|x64.Build.0 = Debug|x64
		{6071E811-A5D9-4F57-B0F9-93B5AF4E2F68}.Debug|x64.Deploy.0 = Debug|x64
		{6071E811-A5D9-4F57-B0F9-93B5AF4E2F68}.MinSizeRel|x64.ActiveCfg = Debug|x64
		{6071E811-A5D9-4F57-B0F9-93B5AF4E2F68}.MinSizeRel|x64.Build.0 = Debug|x64
		{6071E811-A5D9-4F57-B0F9-93B5AF4E2F68}.MinSizeRel|x64.Deploy.0 = Debug|x64
		{6071E811-A5D9-4F57-B0F9-93B5AF4E2F68}.Release|x64.ActiveCfg = Release|x64
		{6071E811-A5D9-4F57-B0F9-93B5AF4E2F68}.Release|x64.Build.0 = Release|x64
		{6071E811-A5D9-4F57-B0F9-93B5AF4E2F68}.Release|x64.Deploy.0 = Release|x64
		{6071E811-A5D9-4F57-B0F9-93B5AF4E2F68}.RelWithDebInfo|x64.ActiveCfg = Release|x64
		{6071E811-A5D9-4F57-B0F9-93B5AF4E2F68}.RelWithDebInfo|x64.Build.0 = Release|x64
		{6071E811-A5D9-4F57-B0F9-93B5AF4E2F68}.RelWithDebInfo|x64.Deploy.0 = Release|x64
		{D6B0C16D-858A-4C1B-99CF-D6F4CF5BCD5F}.Debug|x64.ActiveCfg = Debug|x64
		{D6B0C16D-858A-4C1B-99CF-D6F4CF5BCD5F}.Debug|x64.Build.0 = Debug|x64
		{D6B0C16D-858A-4C1B-99CF-D6F4CF5BCD5F}.MinSizeRel|x64.ActiveCfg = Debug|x64
		{D6B0C16D-858A-4C1B-99CF-D6F4CF5BCD5F}.MinSizeRel|x64.Build.0 = Debug|x64
		{D6B0C16D-858A-4C1B-99CF-D6F4CF5BCD5F}.Release|x64.ActiveCfg = Release|x64
		{D6B0C16D-858A-4C1B-99CF-D6F4CF5BCD5F}.Release|x64.Build.0 = Release|x64
		{D6B0C16D-858A-4C1B-99CF-D6F4CF5BCD5F}.RelWithDebInfo|x64.ActiveCfg = Release|x64
		{D6B0C16D-858A-4C1B-99CF-D6F4CF5BCD5F}.RelWithDebInfo|x64.Build.0 = Release|x64
		{1F7FE5CB-4F34-4CDB-A636-CC29581FE7DB}.Debug|x64.ActiveCfg = Debug|x64
		{1F7FE5CB-4F34-4CDB-A636-CC29581FE7DB}.Debug|x64.Build.0 = Debug|x64
		{1F7FE5CB-4F34-4CDB-A636-CC29581FE7DB}.MinSizeRel|x64.ActiveCfg = Debug|x64
		{1F7FE5CB-4F34-4CDB-A636-CC29581FE7DB}.MinSizeRel|x64.Build.0 = Debug|x64
		{1F7FE5CB-4F34-4CDB-A636-CC29581FE7DB}.Release|x64.ActiveCfg = Release|x64
		{1F7FE5CB-4F34-4CDB-A636-CC29581FE7DB}.Release|x64.Build.0 = Release|x64
		{1F7FE5CB-4F34-4CDB-A636-CC29581FE7DB}.RelWithDebInfo|x64.ActiveCfg = Release|x64
		{1F7FE5CB-4F34-4CDB-A636-CC29581FE7DB}.RelWithDebInfo|x64.Build.0 = Release|x64
	EndGlobalSection
	GlobalSection(SolutionProperties) = preSolution
		HideSolutionNode = FALSE
	EndGlobalSection
	GlobalSection(ExtensibilityGlobals) = postSolution
		SolutionGuid = {747BDEE0-D615-4E47-8910-D37B32C83703}
	EndGlobalSection
EndGlobal
