
Microsoft Visual Studio Solution File, Format Version 12.00
Project("{9A19103F-16F7-4668-BE54-9A1E7A4F7556}") = "Polaris", "Polaris\Polaris.csproj", "{36199B36-6EA3-4E81-A2C4-25237FF3A067}"
EndProject
Project("{9A19103F-16F7-4668-BE54-9A1E7A4F7556}") = "Polaris.Business", "Polaris.Business\Polaris.Business.csproj", "{4B51A3D3-8C04-4CBC-B5A5-CF127D35CEBF}"
EndProject
Project("{FAE04EC0-301F-11D3-BF4B-00C04F79EFBC}") = "Molecule", "Molecule\Molecule.csproj", "{CC4BF184-2BED-42D9-8BBA-94C57AD95062}"
EndProject
Project("{FAE04EC0-301F-11D3-BF4B-00C04F79EFBC}") = "Molecule.Tests", "Molecule.Tests\Molecule.Tests.csproj", "{5CD3A32C-5C70-4662-A343-F6B1131673EC}"
EndProject
Global
	GlobalSection(SolutionConfigurationPlatforms) = preSolution
		Debug|Any CPU = Debug|Any CPU
		Release|Any CPU = Release|Any CPU
	EndGlobalSection
	GlobalSection(ProjectConfigurationPlatforms) = postSolution
		{36199B36-6EA3-4E81-A2C4-25237FF3A067}.Debug|Any CPU.ActiveCfg = Debug|Any CPU
		{36199B36-6EA3-4E81-A2C4-25237FF3A067}.Debug|Any CPU.Build.0 = Debug|Any CPU
		{36199B36-6EA3-4E81-A2C4-25237FF3A067}.Release|Any CPU.ActiveCfg = Release|Any CPU
		{36199B36-6EA3-4E81-A2C4-25237FF3A067}.Release|Any CPU.Build.0 = Release|Any CPU
		{4B51A3D3-8C04-4CBC-B5A5-CF127D35CEBF}.Debug|Any CPU.ActiveCfg = Debug|Any CPU
		{4B51A3D3-8C04-4CBC-B5A5-CF127D35CEBF}.Debug|Any CPU.Build.0 = Debug|Any CPU
		{4B51A3D3-8C04-4CBC-B5A5-CF127D35CEBF}.Release|Any CPU.ActiveCfg = Release|Any CPU
		{4B51A3D3-8C04-4CBC-B5A5-CF127D35CEBF}.Release|Any CPU.Build.0 = Release|Any CPU
		{CC4BF184-2BED-42D9-8BBA-94C57AD95062}.Debug|Any CPU.ActiveCfg = Debug|Any CPU
		{CC4BF184-2BED-42D9-8BBA-94C57AD95062}.Debug|Any CPU.Build.0 = Debug|Any CPU
		{CC4BF184-2BED-42D9-8BBA-94C57AD95062}.Release|Any CPU.ActiveCfg = Release|Any CPU
		{CC4BF184-2BED-42D9-8BBA-94C57AD95062}.Release|Any CPU.Build.0 = Release|Any CPU
		{5CD3A32C-5C70-4662-A343-F6B1131673EC}.Debug|Any CPU.ActiveCfg = Debug|Any CPU
		{5CD3A32C-5C70-4662-A343-F6B1131673EC}.Debug|Any CPU.Build.0 = Debug|Any CPU
		{5CD3A32C-5C70-4662-A343-F6B1131673EC}.Release|Any CPU.ActiveCfg = Release|Any CPU
		{5CD3A32C-5C70-4662-A343-F6B1131673EC}.Release|Any CPU.Build.0 = Release|Any CPU
	EndGlobalSection
EndGlobal
